{
  "originHash" : "49a7be27efcbb53aa827203f3dc6fe6a810d0d4423a958b2e049f1332dc20a52",
  "pins" : [
    {
      "identity" : "mixpanel-swift",
      "kind" : "remoteSourceControl",
      "location" : "https://github.com/mixpanel/mixpanel-swift.git",
      "state" : {
        "revision" : "48d6668ceaaefc338f94e2b084c3cf77b90182f8",
        "version" : "4.3.0"
      }
    },
    {
      "identity" : "sendabledictionary",
      "kind" : "remoteSourceControl",
      "location" : "https://github.com/SwiftfulThinking/SendableDictionary.git",
      "state" : {
        "revision" : "87eca8178bb0b64a2f1a6191ac42b2e73620db07",
        "version" : "1.0.0"
      }
    },
    {
      "identity" : "swiftfullogging",
      "kind" : "remoteSourceControl",
      "location" : "https://github.com/SwiftfulThinking/SwiftfulLogging.git",
      "state" : {
        "revision" : "de4f3398e557ede01bc5407c802eb7769d804e5e",
        "version" : "1.0.5"
      }
    }
  ],
  "version" : 3
}
