{
  "originHash" : "49a7be27efcbb53aa827203f3dc6fe6a810d0d4423a958b2e049f1332dc20a52",
  "pins" : [
    {
      "identity" : "mixpanel-swift",
      "kind" : "remoteSourceControl",
      "location" : "https://github.com/mixpanel/mixpanel-swift.git",
      "state" : {
        "revision" : "48d6668ceaaefc338f94e2b084c3cf77b90182f8",
        "version" : "4.3.0"
      }
    },
    {
      "identity" : "swiftfullogging",
      "kind" : "remoteSourceControl",
      "location" : "https://github.com/SwiftfulThinking/SwiftfulLogging.git",
      "state" : {
        "revision" : "ecfd102c0bcbc9474d2a598305ae7694d269b5b3",
        "version" : "1.1.1"
      }
    }
  ],
  "version" : 3
}
